
Microsoft Visual Studio Solution File, Format Version 12.00
# Visual Studio 15
VisualStudioVersion = 15.0.28307.168
MinimumVisualStudioVersion = 10.0.40219.1
Project("{FAE04EC0-301F-11D3-BF4B-00C04F79EFBC}") = "week_5", "week_5\week_5.csproj", "{CC5F5FE1-0778-4186-9B78-1F6826DD462C}"
EndProject
Global
	GlobalSection(SolutionConfigurationPlatforms) = preSolution
		Debug|Any CPU = Debug|Any CPU
		Release|Any CPU = Release|Any CPU
	EndGlobalSection
	GlobalSection(ProjectConfigurationPlatforms) = postSolution
		{CC5F5FE1-0778-4186-9B78-1F6826DD462C}.Debug|Any CPU.ActiveCfg = Debug|Any CPU
		{CC5F5FE1-0778-4186-9B78-1F6826DD462C}.Debug|Any CPU.Build.0 = Debug|Any CPU
		{CC5F5FE1-0778-4186-9B78-1F6826DD462C}.Release|Any CPU.ActiveCfg = Release|Any CPU
		{CC5F5FE1-0778-4186-9B78-1F6826DD462C}.Release|Any CPU.Build.0 = Release|Any CPU
	EndGlobalSection
	GlobalSection(SolutionProperties) = preSolution
		HideSolutionNode = FALSE
	EndGlobalSection
	GlobalSection(ExtensibilityGlobals) = postSolution
		SolutionGuid = {AAF36EF5-BC9F-41B3-ACCF-4055C39BF8CB}
	EndGlobalSection
EndGlobal
